version = 1
revision = 3
requires-python = ">=3.11"

[[package]]
name = "aioconsole"
version = "0.8.2"
source = { registry = "https://pypi.org/simple" }
sdist = { url = "https://files.pythonhosted.org/packages/76/4a/71f535c85991e18e1626429a283d4fc6720053f38211affa888809089ded/aioconsole-0.8.2.tar.gz", hash = "sha256:25cb5530f58f7ab431e9af84fbb5417178287b6c3300d5b1185e3b129a227cef", size = 37712, upload-time = "2025-10-14T05:44:33.245Z" }
wheels = [
    { url = "https://files.pythonhosted.org/packages/03/10/04ef3313a07e9152a84ce197aa11586376478c167322141e9c79eaedc25b/aioconsole-0.8.2-py3-none-any.whl", hash = "sha256:00f3fabd6de5df2fad635e1e6a13ebe5bb2456b83b31e881ae41bc5862fd6a68", size = 31510, upload-time = "2025-10-14T05:44:32.161Z" },
]

[[package]]
name = "aiosmpplib"
version = "0.7.3"
source = { editable = "." }

[package.dev-dependencies]
dev = [
    { name = "aioconsole" },
    { name = "orjson" },
    { name = "pytest" },
    { name = "pytest-asyncio" },
    { name = "ruff" },
]

[package.metadata]

[package.metadata.requires-dev]
dev = [
    { name = "aioconsole", specifier = ">=0.8.2" },
    { name = "orjson", specifier = ">=3.11.7" },
    { name = "pytest", specifier = ">=9.0.2" },
    { name = "pytest-asyncio", specifier = ">=1.3.0" },
    { name = "ruff", specifier = ">=0.15.0" },
]

[[package]]
name = "colorama"
version = "0.4.6"
source = { registry = "https://pypi.org/simple" }
sdist = { url = "https://files.pythonhosted.org/packages/d8/53/6f443c9a4a8358a93a6792e2acffb9d9d5cb0a5cfd8802644b7b1c9a02e4/colorama-0.4.6.tar.gz", hash = "sha256:08695f5cb7ed6e0531a20572697297273c47b8cae5a63ffc6d6ed5c201be6e44", size = 27697, upload-time = "2022-10-25T02:36:22.414Z" }
wheels = [
    { url = "https://files.pythonhosted.org/packages/d1/d6/3965ed04c63042e047cb6a3e6ed1a63a35087b6a609aa3a15ed8ac56c221/colorama-0.4.6-py2.py3-none-any.whl", hash = "sha256:4f1d9991f5acc0ca119f9d443620b77f9d6b33703e51011c16baf57afb285fc6", size = 25335, upload-time = "2022-10-25T02:36:20.889Z" },
]

[[package]]
name = "iniconfig"
version = "2.3.0"
source = { registry = "https://pypi.org/simple" }
sdist = { url = "https://files.pythonhosted.org/packages/72/34/14ca021ce8e5dfedc35312d08ba8bf51fdd999c576889fc2c24cb97f4f10/iniconfig-2.3.0.tar.gz", hash = "sha256:c76315c77db068650d49c5b56314774a7804df16fee4402c1f19d6d15d8c4730", size = 20503, upload-time = "2025-10-18T21:55:43.219Z" }
wheels = [
    { url = "https://files.pythonhosted.org/packages/cb/b1/3846dd7f199d53cb17f49cba7e651e9ce294d8497c8c150530ed11865bb8/iniconfig-2.3.0-py3-none-any.whl", hash = "sha256:f631c04d2c48c52b84d0d0549c99ff3859c98df65b3101406327ecc7d53fbf12", size = 7484, upload-time = "2025-10-18T21:55:41.639Z" },
]

[[package]]
name = "orjson"
version = "3.11.7"
source = { registry = "https://pypi.org/simple" }
sdist = { url = "https://files.pythonhosted.org/packages/53/45/b268004f745ede84e5798b48ee12b05129d19235d0e15267aa57dcdb400b/orjson-3.11.7.tar.gz", hash = "sha256:9b1a67243945819ce55d24a30b59d6a168e86220452d2c96f4d1f093e71c0c49", size = 6144992, upload-time = "2026-02-02T15:38:49.29Z" }
wheels = [
    { url = "https://files.pythonhosted.org/packages/37/02/da6cb01fc6087048d7f61522c327edf4250f1683a58a839fdcc435746dd5/orjson-3.11.7-cp311-cp311-macosx_10_15_x86_64.macosx_11_0_arm64.macosx_10_15_universal2.whl", hash = "sha256:9487abc2c2086e7c8eb9a211d2ce8855bae0e92586279d0d27b341d5ad76c85c", size = 228664, upload-time = "2026-02-02T15:37:25.542Z" },
    { url = "https://files.pythonhosted.org/packages/c1/c2/5885e7a5881dba9a9af51bc564e8967225a642b3e03d089289a35054e749/orjson-3.11.7-cp311-cp311-macosx_15_0_arm64.whl", hash = "sha256:79cacb0b52f6004caf92405a7e1f11e6e2de8bdf9019e4f76b44ba045125cd6b", size = 125344, upload-time = "2026-02-02T15:37:26.92Z" },
    { url = "https://files.pythonhosted.org/packages/a4/1d/4e7688de0a92d1caf600dfd5fb70b4c5bfff51dfa61ac555072ef2d0d32a/orjson-3.11.7-cp311-cp311-manylinux_2_17_aarch64.manylinux2014_aarch64.whl", hash = "sha256:c2e85fe4698b6a56d5e2ebf7ae87544d668eb6bde1ad1226c13f44663f20ec9e", size = 128404, upload-time = "2026-02-02T15:37:28.108Z" },
    { url = "https://files.pythonhosted.org/packages/2f/b2/ec04b74ae03a125db7bd69cffd014b227b7f341e3261bf75b5eb88a1aa92/orjson-3.11.7-cp311-cp311-manylinux_2_17_armv7l.manylinux2014_armv7l.whl", hash = "sha256:b8d14b71c0b12963fe8a62aac87119f1afdf4cb88a400f61ca5ae581449efcb5", size = 123677, upload-time = "2026-02-02T15:37:30.287Z" },
    { url = "https://files.pythonhosted.org/packages/4c/69/f95bdf960605f08f827f6e3291fe243d8aa9c5c9ff017a8d7232209184c3/orjson-3.11.7-cp311-cp311-manylinux_2_17_i686.manylinux2014_i686.whl", hash = "sha256:91c81ef070c8f3220054115e1ef468b1c9ce8497b4e526cb9f68ab4dc0a7ac62", size = 128950, upload-time = "2026-02-02T15:37:31.595Z" },
    { url = "https://files.pythonhosted.org/packages/a4/1b/de59c57bae1d148ef298852abd31909ac3089cff370dfd4cd84cc99cbc42/orjson-3.11.7-cp311-cp311-manylinux_2_17_ppc64le.manylinux2014_ppc64le.whl", hash = "sha256:411ebaf34d735e25e358a6d9e7978954a9c9d58cfb47bc6683cdc3964cd2f910", size = 141756, upload-time = "2026-02-02T15:37:32.985Z" },
    { url = "https://files.pythonhosted.org/packages/ee/9e/9decc59f4499f695f65c650f6cfa6cd4c37a3fbe8fa235a0a3614cb54386/orjson-3.11.7-cp311-cp311-manylinux_2_17_s390x.manylinux2014_s390x.whl", hash = "sha256:a16bcd08ab0bcdfc7e8801d9c4a9cc17e58418e4d48ddc6ded4e9e4b1a94062b", size = 130812, upload-time = "2026-02-02T15:37:34.204Z" },
    { url = "https://files.pythonhosted.org/packages/28/e6/59f932bcabd1eac44e334fe8e3281a92eacfcb450586e1f4bde0423728d8/orjson-3.11.7-cp311-cp311-manylinux_2_17_x86_64.manylinux2014_x86_64.whl", hash = "sha256:9c0b51672e466fd7e56230ffbae7f1639e18d0ce023351fb75da21b71bc2c960", size = 133444, upload-time = "2026-02-02T15:37:35.446Z" },
    { url = "https://files.pythonhosted.org/packages/f1/36/b0f05c0eaa7ca30bc965e37e6a2956b0d67adb87a9872942d3568da846ae/orjson-3.11.7-cp311-cp311-musllinux_1_2_aarch64.whl", hash = "sha256:136dcd6a2e796dfd9ffca9fc027d778567b0b7c9968d092842d3c323cef88aa8", size = 138609, upload-time = "2026-02-02T15:37:36.657Z" },
    { url = "https://files.pythonhosted.org/packages/b8/03/58ec7d302b8d86944c60c7b4b82975d5161fcce4c9bc8c6cb1d6741b6115/orjson-3.11.7-cp311-cp311-musllinux_1_2_armv7l.whl", hash = "sha256:7ba61079379b0ae29e117db13bda5f28d939766e410d321ec1624afc6a0b0504", size = 408918, upload-time = "2026-02-02T15:37:38.076Z" },
    { url = "https://files.pythonhosted.org/packages/06/3a/868d65ef9a8b99be723bd510de491349618abd9f62c826cf206d962db295/orjson-3.11.7-cp311-cp311-musllinux_1_2_i686.whl", hash = "sha256:0527a4510c300e3b406591b0ba69b5dc50031895b0a93743526a3fc45f59d26e", size = 143998, upload-time = "2026-02-02T15:37:39.706Z" },
    { url = "https://files.pythonhosted.org/packages/5b/c7/1e18e1c83afe3349f4f6dc9e14910f0ae5f82eac756d1412ea4018938535/orjson-3.11.7-cp311-cp311-musllinux_1_2_x86_64.whl", hash = "sha256:a709e881723c9b18acddcfb8ba357322491ad553e277cf467e1e7e20e2d90561", size = 134802, upload-time = "2026-02-02T15:37:41.002Z" },
    { url = "https://files.pythonhosted.org/packages/d4/0b/ccb7ee1a65b37e8eeb8b267dc953561d72370e85185e459616d4345bab34/orjson-3.11.7-cp311-cp311-win32.whl", hash = "sha256:c43b8b5bab288b6b90dac410cca7e986a4fa747a2e8f94615aea407da706980d", size = 127828, upload-time = "2026-02-02T15:37:42.241Z" },
    { url = "https://files.pythonhosted.org/packages/af/9e/55c776dffda3f381e0f07d010a4f5f3902bf48eaba1bb7684d301acd4924/orjson-3.11.7-cp311-cp311-win_amd64.whl", hash = "sha256:6543001328aa857187f905308a028935864aefe9968af3848401b6fe80dbb471", size = 124941, upload-time = "2026-02-02T15:37:43.444Z" },
    { url = "https://files.pythonhosted.org/packages/aa/8e/424a620fa7d263b880162505fb107ef5e0afaa765b5b06a88312ac291560/orjson-3.11.7-cp311-cp311-win_arm64.whl", hash = "sha256:1ee5cc7160a821dfe14f130bc8e63e7611051f964b463d9e2a3a573204446a4d", size = 126245, upload-time = "2026-02-02T15:37:45.18Z" },
    { url = "https://files.pythonhosted.org/packages/80/bf/76f4f1665f6983385938f0e2a5d7efa12a58171b8456c252f3bae8a4cf75/orjson-3.11.7-cp312-cp312-macosx_10_15_x86_64.macosx_11_0_arm64.macosx_10_15_universal2.whl", hash = "sha256:bd03ea7606833655048dab1a00734a2875e3e86c276e1d772b2a02556f0d895f", size = 228545, upload-time = "2026-02-02T15:37:46.376Z" },
    { url = "https://files.pythonhosted.org/packages/79/53/6c72c002cb13b5a978a068add59b25a8bdf2800ac1c9c8ecdb26d6d97064/orjson-3.11.7-cp312-cp312-macosx_15_0_arm64.whl", hash = "sha256:89e440ebc74ce8ab5c7bc4ce6757b4a6b1041becb127df818f6997b5c71aa60b", size = 125224, upload-time = "2026-02-02T15:37:47.697Z" },
    { url = "https://files.pythonhosted.org/packages/2c/83/10e48852865e5dd151bdfe652c06f7da484578ed02c5fca938e3632cb0b8/orjson-3.11.7-cp312-cp312-manylinux_2_17_aarch64.manylinux2014_aarch64.whl", hash = "sha256:5ede977b5fe5ac91b1dffc0a517ca4542d2ec8a6a4ff7b2652d94f640796342a", size = 128154, upload-time = "2026-02-02T15:37:48.954Z" },
    { url = "https://files.pythonhosted.org/packages/6e/52/a66e22a2b9abaa374b4a081d410edab6d1e30024707b87eab7c734afe28d/orjson-3.11.7-cp312-cp312-manylinux_2_17_armv7l.manylinux2014_armv7l.whl", hash = "sha256:b7b1dae39230a393df353827c855a5f176271c23434cfd2db74e0e424e693e10", size = 123548, upload-time = "2026-02-02T15:37:50.187Z" },
    { url = "https://files.pythonhosted.org/packages/de/38/605d371417021359f4910c496f764c48ceb8997605f8c25bf1dfe58c0ebe/orjson-3.11.7-cp312-cp312-manylinux_2_17_i686.manylinux2014_i686.whl", hash = "sha256:ed46f17096e28fb28d2975834836a639af7278aa87c84f68ab08fbe5b8bd75fa", size = 129000, upload-time = "2026-02-02T15:37:51.426Z" },
    { url = "https://files.pythonhosted.org/packages/44/98/af32e842b0ffd2335c89714d48ca4e3917b42f5d6ee5537832e069a4b3ac/orjson-3.11.7-cp312-cp312-manylinux_2_17_ppc64le.manylinux2014_ppc64le.whl", hash = "sha256:3726be79e36e526e3d9c1aceaadbfb4a04ee80a72ab47b3f3c17fefb9812e7b8", size = 141686, upload-time = "2026-02-02T15:37:52.607Z" },
    { url = "https://files.pythonhosted.org/packages/96/0b/fc793858dfa54be6feee940c1463370ece34b3c39c1ca0aa3845f5ba9892/orjson-3.11.7-cp312-cp312-manylinux_2_17_s390x.manylinux2014_s390x.whl", hash = "sha256:0724e265bc548af1dedebd9cb3d24b4e1c1e685a343be43e87ba922a5c5fff2f", size = 130812, upload-time = "2026-02-02T15:37:53.944Z" },
    { url = "https://files.pythonhosted.org/packages/dc/91/98a52415059db3f374757d0b7f0f16e3b5cd5976c90d1c2b56acaea039e6/orjson-3.11.7-cp312-cp312-manylinux_2_17_x86_64.manylinux2014_x86_64.whl", hash = "sha256:e7745312efa9e11c17fbd3cb3097262d079da26930ae9ae7ba28fb738367cbad", size = 133440, upload-time = "2026-02-02T15:37:55.615Z" },
    { url = "https://files.pythonhosted.org/packages/dc/b6/cb540117bda61791f46381f8c26c8f93e802892830a6055748d3bb1925ab/orjson-3.11.7-cp312-cp312-musllinux_1_2_aarch64.whl", hash = "sha256:f904c24bdeabd4298f7a977ef14ca2a022ca921ed670b92ecd16ab6f3d01f867", size = 138386, upload-time = "2026-02-02T15:37:56.814Z" },
    { url = "https://files.pythonhosted.org/packages/63/1a/50a3201c334a7f17c231eee5f841342190723794e3b06293f26e7cf87d31/orjson-3.11.7-cp312-cp312-musllinux_1_2_armv7l.whl", hash = "sha256:b9fc4d0f81f394689e0814617aadc4f2ea0e8025f38c226cbf22d3b5ddbf025d", size = 408853, upload-time = "2026-02-02T15:37:58.291Z" },
    { url = "https://files.pythonhosted.org/packages/87/cd/8de1c67d0be44fdc22701e5989c0d015a2adf391498ad42c4dc589cd3013/orjson-3.11.7-cp312-cp312-musllinux_1_2_i686.whl", hash = "sha256:849e38203e5be40b776ed2718e587faf204d184fc9a008ae441f9442320c0cab", size = 144130, upload-time = "2026-02-02T15:38:00.163Z" },
    { url = "https://files.pythonhosted.org/packages/0f/fe/d605d700c35dd55f51710d159fc54516a280923cd1b7e47508982fbb387d/orjson-3.11.7-cp312-cp312-musllinux_1_2_x86_64.whl", hash = "sha256:4682d1db3bcebd2b64757e0ddf9e87ae5f00d29d16c5cdf3a62f561d08cc3dd2", size = 134818, upload-time = "2026-02-02T15:38:01.507Z" },
    { url = "https://files.pythonhosted.org/packages/e4/e4/15ecc67edb3ddb3e2f46ae04475f2d294e8b60c1825fbe28a428b93b3fbd/orjson-3.11.7-cp312-cp312-win32.whl", hash = "sha256:f4f7c956b5215d949a1f65334cf9d7612dde38f20a95f2315deef167def91a6f", size = 127923, upload-time = "2026-02-02T15:38:02.75Z" },
    { url = "https://files.pythonhosted.org/packages/34/70/2e0855361f76198a3965273048c8e50a9695d88cd75811a5b46444895845/orjson-3.11.7-cp312-cp312-win_amd64.whl", hash = "sha256:bf742e149121dc5648ba0a08ea0871e87b660467ef168a3a5e53bc1fbd64bb74", size = 125007, upload-time = "2026-02-02T15:38:04.032Z" },
    { url = "https://files.pythonhosted.org/packages/68/40/c2051bd19fc467610fed469dc29e43ac65891571138f476834ca192bc290/orjson-3.11.7-cp312-cp312-win_arm64.whl", hash = "sha256:26c3b9132f783b7d7903bf1efb095fed8d4a3a85ec0d334ee8beff3d7a4749d5", size = 126089, upload-time = "2026-02-02T15:38:05.297Z" },
    { url = "https://files.pythonhosted.org/packages/89/25/6e0e52cac5aab51d7b6dcd257e855e1dec1c2060f6b28566c509b4665f62/orjson-3.11.7-cp313-cp313-macosx_10_15_x86_64.macosx_11_0_arm64.macosx_10_15_universal2.whl", hash = "sha256:1d98b30cc1313d52d4af17d9c3d307b08389752ec5f2e5febdfada70b0f8c733", size = 228390, upload-time = "2026-02-02T15:38:06.8Z" },
    { url = "https://files.pythonhosted.org/packages/a5/29/a77f48d2fc8a05bbc529e5ff481fb43d914f9e383ea2469d4f3d51df3d00/orjson-3.11.7-cp313-cp313-macosx_15_0_arm64.whl", hash = "sha256:d897e81f8d0cbd2abb82226d1860ad2e1ab3ff16d7b08c96ca00df9d45409ef4", size = 125189, upload-time = "2026-02-02T15:38:08.181Z" },
    { url = "https://files.pythonhosted.org/packages/89/25/0a16e0729a0e6a1504f9d1a13cdd365f030068aab64cec6958396b9969d7/orjson-3.11.7-cp313-cp313-manylinux_2_17_aarch64.manylinux2014_aarch64.whl", hash = "sha256:814be4b49b228cfc0b3c565acf642dd7d13538f966e3ccde61f4f55be3e20785", size = 128106, upload-time = "2026-02-02T15:38:09.41Z" },
    { url = "https://files.pythonhosted.org/packages/66/da/a2e505469d60666a05ab373f1a6322eb671cb2ba3a0ccfc7d4bc97196787/orjson-3.11.7-cp313-cp313-manylinux_2_17_armv7l.manylinux2014_armv7l.whl", hash = "sha256:d06e5c5fed5caedd2e540d62e5b1c25e8c82431b9e577c33537e5fa4aa909539", size = 123363, upload-time = "2026-02-02T15:38:10.73Z" },
    { url = "https://files.pythonhosted.org/packages/23/bf/ed73f88396ea35c71b38961734ea4a4746f7ca0768bf28fd551d37e48dd0/orjson-3.11.7-cp313-cp313-manylinux_2_17_i686.manylinux2014_i686.whl", hash = "sha256:31c80ce534ac4ea3739c5ee751270646cbc46e45aea7576a38ffec040b4029a1", size = 129007, upload-time = "2026-02-02T15:38:12.138Z" },
    { url = "https://files.pythonhosted.org/packages/73/3c/b05d80716f0225fc9008fbf8ab22841dcc268a626aa550561743714ce3bf/orjson-3.11.7-cp313-cp313-manylinux_2_17_ppc64le.manylinux2014_ppc64le.whl", hash = "sha256:f50979824bde13d32b4320eedd513431c921102796d86be3eee0b58e58a3ecd1", size = 141667, upload-time = "2026-02-02T15:38:13.398Z" },
    { url = "https://files.pythonhosted.org/packages/61/e8/0be9b0addd9bf86abfc938e97441dcd0375d494594b1c8ad10fe57479617/orjson-3.11.7-cp313-cp313-manylinux_2_17_s390x.manylinux2014_s390x.whl", hash = "sha256:9e54f3808e2b6b945078c41aa8d9b5834b28c50843846e97807e5adb75fa9705", size = 130832, upload-time = "2026-02-02T15:38:14.698Z" },
    { url = "https://files.pythonhosted.org/packages/c9/ec/c68e3b9021a31d9ec15a94931db1410136af862955854ed5dd7e7e4f5bff/orjson-3.11.7-cp313-cp313-manylinux_2_17_x86_64.manylinux2014_x86_64.whl", hash = "sha256:a12b80df61aab7b98b490fe9e4879925ba666fccdfcd175252ce4d9035865ace", size = 133373, upload-time = "2026-02-02T15:38:16.109Z" },
    { url = "https://files.pythonhosted.org/packages/d2/45/f3466739aaafa570cc8e77c6dbb853c48bf56e3b43738020e2661e08b0ac/orjson-3.11.7-cp313-cp313-musllinux_1_2_aarch64.whl", hash = "sha256:996b65230271f1a97026fd0e6a753f51fbc0c335d2ad0c6201f711b0da32693b", size = 138307, upload-time = "2026-02-02T15:38:17.453Z" },
    { url = "https://files.pythonhosted.org/packages/e1/84/9f7f02288da1ffb31405c1be07657afd1eecbcb4b64ee2817b6fe0f785fa/orjson-3.11.7-cp313-cp313-musllinux_1_2_armv7l.whl", hash = "sha256:ab49d4b2a6a1d415ddb9f37a21e02e0d5dbfe10b7870b21bf779fc21e9156157", size = 408695, upload-time = "2026-02-02T15:38:18.831Z" },
    { url = "https://files.pythonhosted.org/packages/18/07/9dd2f0c0104f1a0295ffbe912bc8d63307a539b900dd9e2c48ef7810d971/orjson-3.11.7-cp313-cp313-musllinux_1_2_i686.whl", hash = "sha256:390a1dce0c055ddf8adb6aa94a73b45a4a7d7177b5c584b8d1c1947f2ba60fb3", size = 144099, upload-time = "2026-02-02T15:38:20.28Z" },
    { url = "https://files.pythonhosted.org/packages/a5/66/857a8e4a3292e1f7b1b202883bcdeb43a91566cf59a93f97c53b44bd6801/orjson-3.11.7-cp313-cp313-musllinux_1_2_x86_64.whl", hash = "sha256:1eb80451a9c351a71dfaf5b7ccc13ad065405217726b59fdbeadbcc544f9d223", size = 134806, upload-time = "2026-02-02T15:38:22.186Z" },
    { url = "https://files.pythonhosted.org/packages/0a/5b/6ebcf3defc1aab3a338ca777214966851e92efb1f30dc7fc8285216e6d1b/orjson-3.11.7-cp313-cp313-win32.whl", hash = "sha256:7477aa6a6ec6139c5cb1cc7b214643592169a5494d200397c7fc95d740d5fcf3", size = 127914, upload-time = "2026-02-02T15:38:23.511Z" },
    { url = "https://files.pythonhosted.org/packages/00/04/c6f72daca5092e3117840a1b1e88dfc809cc1470cf0734890d0366b684a1/orjson-3.11.7-cp313-cp313-win_amd64.whl", hash = "sha256:b9f95dcdea9d4f805daa9ddf02617a89e484c6985fa03055459f90e87d7a0757", size = 124986, upload-time = "2026-02-02T15:38:24.836Z" },
    { url = "https://files.pythonhosted.org/packages/03/ba/077a0f6f1085d6b806937246860fafbd5b17f3919c70ee3f3d8d9c713f38/orjson-3.11.7-cp313-cp313-win_arm64.whl", hash = "sha256:800988273a014a0541483dc81021247d7eacb0c845a9d1a34a422bc718f41539", size = 126045, upload-time = "2026-02-02T15:38:26.216Z" },
    { url = "https://files.pythonhosted.org/packages/e9/1e/745565dca749813db9a093c5ebc4bac1a9475c64d54b95654336ac3ed961/orjson-3.11.7-cp314-cp314-macosx_10_15_x86_64.macosx_11_0_arm64.macosx_10_15_universal2.whl", hash = "sha256:de0a37f21d0d364954ad5de1970491d7fbd0fb1ef7417d4d56a36dc01ba0c0a0", size = 228391, upload-time = "2026-02-02T15:38:27.757Z" },
    { url = "https://files.pythonhosted.org/packages/46/19/e40f6225da4d3aa0c8dc6e5219c5e87c2063a560fe0d72a88deb59776794/orjson-3.11.7-cp314-cp314-macosx_15_0_arm64.whl", hash = "sha256:c2428d358d85e8da9d37cba18b8c4047c55222007a84f97156a5b22028dfbfc0", size = 125188, upload-time = "2026-02-02T15:38:29.241Z" },
    { url = "https://files.pythonhosted.org/packages/9d/7e/c4de2babef2c0817fd1f048fd176aa48c37bec8aef53d2fa932983032cce/orjson-3.11.7-cp314-cp314-manylinux_2_17_aarch64.manylinux2014_aarch64.whl", hash = "sha256:3c4bc6c6ac52cdaa267552544c73e486fecbd710b7ac09bc024d5a78555a22f6", size = 128097, upload-time = "2026-02-02T15:38:30.618Z" },
    { url = "https://files.pythonhosted.org/packages/eb/74/233d360632bafd2197f217eee7fb9c9d0229eac0c18128aee5b35b0014fe/orjson-3.11.7-cp314-cp314-manylinux_2_17_armv7l.manylinux2014_armv7l.whl", hash = "sha256:bd0d68edd7dfca1b2eca9361a44ac9f24b078de3481003159929a0573f21a6bf", size = 123364, upload-time = "2026-02-02T15:38:32.363Z" },
    { url = "https://files.pythonhosted.org/packages/79/51/af79504981dd31efe20a9e360eb49c15f06df2b40e7f25a0a52d9ae888e8/orjson-3.11.7-cp314-cp314-manylinux_2_17_i686.manylinux2014_i686.whl", hash = "sha256:623ad1b9548ef63886319c16fa317848e465a21513b31a6ad7b57443c3e0dcf5", size = 129076, upload-time = "2026-02-02T15:38:33.68Z" },
    { url = "https://files.pythonhosted.org/packages/67/e2/da898eb68b72304f8de05ca6715870d09d603ee98d30a27e8a9629abc64b/orjson-3.11.7-cp314-cp314-manylinux_2_17_ppc64le.manylinux2014_ppc64le.whl", hash = "sha256:6e776b998ac37c0396093d10290e60283f59cfe0fc3fccbd0ccc4bd04dd19892", size = 141705, upload-time = "2026-02-02T15:38:34.989Z" },
    { url = "https://files.pythonhosted.org/packages/c5/89/15364d92acb3d903b029e28d834edb8780c2b97404cbf7929aa6b9abdb24/orjson-3.11.7-cp314-cp314-manylinux_2_17_s390x.manylinux2014_s390x.whl", hash = "sha256:652c6c3af76716f4a9c290371ba2e390ede06f6603edb277b481daf37f6f464e", size = 130855, upload-time = "2026-02-02T15:38:36.379Z" },
    { url = "https://files.pythonhosted.org/packages/c2/8b/ecdad52d0b38d4b8f514be603e69ccd5eacf4e7241f972e37e79792212ec/orjson-3.11.7-cp314-cp314-manylinux_2_17_x86_64.manylinux2014_x86_64.whl", hash = "sha256:a56df3239294ea5964adf074c54bcc4f0ccd21636049a2cf3ca9cf03b5d03cf1", size = 133386, upload-time = "2026-02-02T15:38:37.704Z" },
    { url = "https://files.pythonhosted.org/packages/b9/0e/45e1dcf10e17d0924b7c9162f87ec7b4ca79e28a0548acf6a71788d3e108/orjson-3.11.7-cp314-cp314-musllinux_1_2_aarch64.whl", hash = "sha256:bda117c4148e81f746655d5a3239ae9bd00cb7bc3ca178b5fc5a5997e9744183", size = 138295, upload-time = "2026-02-02T15:38:39.096Z" },
    { url = "https://files.pythonhosted.org/packages/63/d7/4d2e8b03561257af0450f2845b91fbd111d7e526ccdf737267108075e0ba/orjson-3.11.7-cp314-cp314-musllinux_1_2_armv7l.whl", hash = "sha256:23d6c20517a97a9daf1d48b580fcdc6f0516c6f4b5038823426033690b4d2650", size = 408720, upload-time = "2026-02-02T15:38:40.634Z" },
    { url = "https://files.pythonhosted.org/packages/78/cf/d45343518282108b29c12a65892445fc51f9319dc3c552ceb51bb5905ed2/orjson-3.11.7-cp314-cp314-musllinux_1_2_i686.whl", hash = "sha256:8ff206156006da5b847c9304b6308a01e8cdbc8cce824e2779a5ba71c3def141", size = 144152, upload-time = "2026-02-02T15:38:42.262Z" },
    { url = "https://files.pythonhosted.org/packages/a9/3a/d6001f51a7275aacd342e77b735c71fa04125a3f93c36fee4526bc8c654e/orjson-3.11.7-cp314-cp314-musllinux_1_2_x86_64.whl", hash = "sha256:962d046ee1765f74a1da723f4b33e3b228fe3a48bd307acce5021dfefe0e29b2", size = 134814, upload-time = "2026-02-02T15:38:43.627Z" },
    { url = "https://files.pythonhosted.org/packages/1d/d3/f19b47ce16820cc2c480f7f1723e17f6d411b3a295c60c8ad3aa9ff1c96a/orjson-3.11.7-cp314-cp314-win32.whl", hash = "sha256:89e13dd3f89f1c38a9c9eba5fbf7cdc2d1feca82f5f290864b4b7a6aac704576", size = 127997, upload-time = "2026-02-02T15:38:45.06Z" },
    { url = "https://files.pythonhosted.org/packages/12/df/172771902943af54bf661a8d102bdf2e7f932127968080632bda6054b62c/orjson-3.11.7-cp314-cp314-win_amd64.whl", hash = "sha256:845c3e0d8ded9c9271cd79596b9b552448b885b97110f628fb687aee2eed11c1", size = 124985, upload-time = "2026-02-02T15:38:46.388Z" },
    { url = "https://files.pythonhosted.org/packages/6f/1c/f2a8d8a1b17514660a614ce5f7aac74b934e69f5abc2700cc7ced882a009/orjson-3.11.7-cp314-cp314-win_arm64.whl", hash = "sha256:4a2e9c5be347b937a2e0203866f12bba36082e89b402ddb9e927d5822e43088d", size = 126038, upload-time = "2026-02-02T15:38:47.703Z" },
]

[[package]]
name = "packaging"
version = "26.0"
source = { registry = "https://pypi.org/simple" }
sdist = { url = "https://files.pythonhosted.org/packages/65/ee/299d360cdc32edc7d2cf530f3accf79c4fca01e96ffc950d8a52213bd8e4/packaging-26.0.tar.gz", hash = "sha256:00243ae351a257117b6a241061796684b084ed1c516a08c48a3f7e147a9d80b4", size = 143416, upload-time = "2026-01-21T20:50:39.064Z" }
wheels = [
    { url = "https://files.pythonhosted.org/packages/b7/b9/c538f279a4e237a006a2c98387d081e9eb060d203d8ed34467cc0f0b9b53/packaging-26.0-py3-none-any.whl", hash = "sha256:b36f1fef9334a5588b4166f8bcd26a14e521f2b55e6b9de3aaa80d3ff7a37529", size = 74366, upload-time = "2026-01-21T20:50:37.788Z" },
]

[[package]]
name = "pluggy"
version = "1.6.0"
source = { registry = "https://pypi.org/simple" }
sdist = { url = "https://files.pythonhosted.org/packages/f9/e2/3e91f31a7d2b083fe6ef3fa267035b518369d9511ffab804f839851d2779/pluggy-1.6.0.tar.gz", hash = "sha256:7dcc130b76258d33b90f61b658791dede3486c3e6bfb003ee5c9bfb396dd22f3", size = 69412, upload-time = "2025-05-15T12:30:07.975Z" }
wheels = [
    { url = "https://files.pythonhosted.org/packages/54/20/4d324d65cc6d9205fabedc306948156824eb9f0ee1633355a8f7ec5c66bf/pluggy-1.6.0-py3-none-any.whl", hash = "sha256:e920276dd6813095e9377c0bc5566d94c932c33b27a3e3945d8389c374dd4746", size = 20538, upload-time = "2025-05-15T12:30:06.134Z" },
]

[[package]]
name = "pygments"
version = "2.19.2"
source = { registry = "https://pypi.org/simple" }
sdist = { url = "https://files.pythonhosted.org/packages/b0/77/a5b8c569bf593b0140bde72ea885a803b82086995367bf2037de0159d924/pygments-2.19.2.tar.gz", hash = "sha256:636cb2477cec7f8952536970bc533bc43743542f70392ae026374600add5b887", size = 4968631, upload-time = "2025-06-21T13:39:12.283Z" }
wheels = [
    { url = "https://files.pythonhosted.org/packages/c7/21/705964c7812476f378728bdf590ca4b771ec72385c533964653c68e86bdc/pygments-2.19.2-py3-none-any.whl", hash = "sha256:86540386c03d588bb81d44bc3928634ff26449851e99741617ecb9037ee5ec0b", size = 1225217, upload-time = "2025-06-21T13:39:07.939Z" },
]

[[package]]
name = "pytest"
version = "9.0.2"
source = { registry = "https://pypi.org/simple" }
dependencies = [
    { name = "colorama", marker = "sys_platform == 'win32'" },
    { name = "iniconfig" },
    { name = "packaging" },
    { name = "pluggy" },
    { name = "pygments" },
]
sdist = { url = "https://files.pythonhosted.org/packages/d1/db/7ef3487e0fb0049ddb5ce41d3a49c235bf9ad299b6a25d5780a89f19230f/pytest-9.0.2.tar.gz", hash = "sha256:75186651a92bd89611d1d9fc20f0b4345fd827c41ccd5c299a868a05d70edf11", size = 1568901, upload-time = "2025-12-06T21:30:51.014Z" }
wheels = [
    { url = "https://files.pythonhosted.org/packages/3b/ab/b3226f0bd7cdcf710fbede2b3548584366da3b19b5021e74f5bde2a8fa3f/pytest-9.0.2-py3-none-any.whl", hash = "sha256:711ffd45bf766d5264d487b917733b453d917afd2b0ad65223959f59089f875b", size = 374801, upload-time = "2025-12-06T21:30:49.154Z" },
]

[[package]]
name = "pytest-asyncio"
version = "1.3.0"
source = { registry = "https://pypi.org/simple" }
dependencies = [
    { name = "pytest" },
    { name = "typing-extensions", marker = "python_full_version < '3.13'" },
]
sdist = { url = "https://files.pythonhosted.org/packages/90/2c/8af215c0f776415f3590cac4f9086ccefd6fd463befeae41cd4d3f193e5a/pytest_asyncio-1.3.0.tar.gz", hash = "sha256:d7f52f36d231b80ee124cd216ffb19369aa168fc10095013c6b014a34d3ee9e5", size = 50087, upload-time = "2025-11-10T16:07:47.256Z" }
wheels = [
    { url = "https://files.pythonhosted.org/packages/e5/35/f8b19922b6a25bc0880171a2f1a003eaeb93657475193ab516fd87cac9da/pytest_asyncio-1.3.0-py3-none-any.whl", hash = "sha256:611e26147c7f77640e6d0a92a38ed17c3e9848063698d5c93d5aa7aa11cebff5", size = 15075, upload-time = "2025-11-10T16:07:45.537Z" },
]

[[package]]
name = "ruff"
version = "0.15.6"
source = { registry = "https://pypi.org/simple" }
sdist = { url = "https://files.pythonhosted.org/packages/51/df/f8629c19c5318601d3121e230f74cbee7a3732339c52b21daa2b82ef9c7d/ruff-0.15.6.tar.gz", hash = "sha256:8394c7bb153a4e3811a4ecdacd4a8e6a4fa8097028119160dffecdcdf9b56ae4", size = 4597916, upload-time = "2026-03-12T23:05:47.51Z" }
wheels = [
    { url = "https://files.pythonhosted.org/packages/9e/2f/4e03a7e5ce99b517e98d3b4951f411de2b0fa8348d39cf446671adcce9a2/ruff-0.15.6-py3-none-linux_armv6l.whl", hash = "sha256:7c98c3b16407b2cf3d0f2b80c80187384bc92c6774d85fefa913ecd941256fff", size = 10508953, upload-time = "2026-03-12T23:05:17.246Z" },
    { url = "https://files.pythonhosted.org/packages/70/60/55bcdc3e9f80bcf39edf0cd272da6fa511a3d94d5a0dd9e0adf76ceebdb4/ruff-0.15.6-py3-none-macosx_10_12_x86_64.whl", hash = "sha256:ee7dcfaad8b282a284df4aa6ddc2741b3f4a18b0555d626805555a820ea181c3", size = 10942257, upload-time = "2026-03-12T23:05:23.076Z" },
    { url = "https://files.pythonhosted.org/packages/e7/f9/005c29bd1726c0f492bfa215e95154cf480574140cb5f867c797c18c790b/ruff-0.15.6-py3-none-macosx_11_0_arm64.whl", hash = "sha256:3bd9967851a25f038fc8b9ae88a7fbd1b609f30349231dffaa37b6804923c4bb", size = 10322683, upload-time = "2026-03-12T23:05:33.738Z" },
    { url = "https://files.pythonhosted.org/packages/5f/74/2f861f5fd7cbb2146bddb5501450300ce41562da36d21868c69b7a828169/ruff-0.15.6-py3-none-manylinux_2_17_aarch64.manylinux2014_aarch64.whl", hash = "sha256:13f4594b04e42cd24a41da653886b04d2ff87adbf57497ed4f728b0e8a4866f8", size = 10660986, upload-time = "2026-03-12T23:05:53.245Z" },
    { url = "https://files.pythonhosted.org/packages/c1/a1/309f2364a424eccb763cdafc49df843c282609f47fe53aa83f38272389e0/ruff-0.15.6-py3-none-manylinux_2_17_armv7l.manylinux2014_armv7l.whl", hash = "sha256:e2ed8aea2f3fe57886d3f00ea5b8aae5bf68d5e195f487f037a955ff9fbaac9e", size = 10332177, upload-time = "2026-03-12T23:05:56.145Z" },
    { url = "https://files.pythonhosted.org/packages/30/41/7ebf1d32658b4bab20f8ac80972fb19cd4e2c6b78552be263a680edc55ac/ruff-0.15.6-py3-none-manylinux_2_17_i686.manylinux2014_i686.whl", hash = "sha256:70789d3e7830b848b548aae96766431c0dc01a6c78c13381f423bf7076c66d15", size = 11170783, upload-time = "2026-03-12T23:06:01.742Z" },
    { url = "https://files.pythonhosted.org/packages/76/be/6d488f6adca047df82cd62c304638bcb00821c36bd4881cfca221561fdfc/ruff-0.15.6-py3-none-manylinux_2_17_ppc64le.manylinux2014_ppc64le.whl", hash = "sha256:542aaf1de3154cea088ced5a819ce872611256ffe2498e750bbae5247a8114e9", size = 12044201, upload-time = "2026-03-12T23:05:28.697Z" },
    { url = "https://files.pythonhosted.org/packages/71/68/e6f125df4af7e6d0b498f8d373274794bc5156b324e8ab4bf5c1b4fc0ec7/ruff-0.15.6-py3-none-manylinux_2_17_s390x.manylinux2014_s390x.whl", hash = "sha256:1c22e6f02c16cfac3888aa636e9eba857254d15bbacc9906c9689fdecb1953ab", size = 11421561, upload-time = "2026-03-12T23:05:31.236Z" },
    { url = "https://files.pythonhosted.org/packages/f1/9f/f85ef5fd01a52e0b472b26dc1b4bd228b8f6f0435975442ffa4741278703/ruff-0.15.6-py3-none-manylinux_2_17_x86_64.manylinux2014_x86_64.whl", hash = "sha256:98893c4c0aadc8e448cfa315bd0cc343a5323d740fe5f28ef8a3f9e21b381f7e", size = 11310928, upload-time = "2026-03-12T23:05:45.288Z" },
    { url = "https://files.pythonhosted.org/packages/8c/26/b75f8c421f5654304b89471ed384ae8c7f42b4dff58fa6ce1626d7f2b59a/ruff-0.15.6-py3-none-manylinux_2_31_riscv64.whl", hash = "sha256:70d263770d234912374493e8cc1e7385c5d49376e41dfa51c5c3453169dc581c", size = 11235186, upload-time = "2026-03-12T23:05:50.677Z" },
    { url = "https://files.pythonhosted.org/packages/fc/d4/d5a6d065962ff7a68a86c9b4f5500f7d101a0792078de636526c0edd40da/ruff-0.15.6-py3-none-musllinux_1_2_aarch64.whl", hash = "sha256:55a1ad63c5a6e54b1f21b7514dfadc0c7fb40093fa22e95143cf3f64ebdcd512", size = 10635231, upload-time = "2026-03-12T23:05:37.044Z" },
    { url = "https://files.pythonhosted.org/packages/d6/56/7c3acf3d50910375349016cf33de24be021532042afbed87942858992491/ruff-0.15.6-py3-none-musllinux_1_2_armv7l.whl", hash = "sha256:8dc473ba093c5ec238bb1e7429ee676dca24643c471e11fbaa8a857925b061c0", size = 10340357, upload-time = "2026-03-12T23:06:04.748Z" },
    { url = "https://files.pythonhosted.org/packages/06/54/6faa39e9c1033ff6a3b6e76b5df536931cd30caf64988e112bbf91ef5ce5/ruff-0.15.6-py3-none-musllinux_1_2_i686.whl", hash = "sha256:85b042377c2a5561131767974617006f99f7e13c63c111b998f29fc1e58a4cfb", size = 10860583, upload-time = "2026-03-12T23:05:58.978Z" },
    { url = "https://files.pythonhosted.org/packages/cb/1e/509a201b843b4dfb0b32acdedf68d951d3377988cae43949ba4c4133a96a/ruff-0.15.6-py3-none-musllinux_1_2_x86_64.whl", hash = "sha256:cef49e30bc5a86a6a92098a7fbf6e467a234d90b63305d6f3ec01225a9d092e0", size = 11410976, upload-time = "2026-03-12T23:05:39.955Z" },
    { url = "https://files.pythonhosted.org/packages/6c/25/3fc9114abf979a41673ce877c08016f8e660ad6cf508c3957f537d2e9fa9/ruff-0.15.6-py3-none-win32.whl", hash = "sha256:bbf67d39832404812a2d23020dda68fee7f18ce15654e96fb1d3ad21a5fe436c", size = 10616872, upload-time = "2026-03-12T23:05:42.451Z" },
    { url = "https://files.pythonhosted.org/packages/89/7a/09ece68445ceac348df06e08bf75db72d0e8427765b96c9c0ffabc1be1d9/ruff-0.15.6-py3-none-win_amd64.whl", hash = "sha256:aee25bc84c2f1007ecb5037dff75cef00414fdf17c23f07dc13e577883dca406", size = 11787271, upload-time = "2026-03-12T23:05:20.168Z" },
    { url = "https://files.pythonhosted.org/packages/7f/d0/578c47dd68152ddddddf31cd7fc67dc30b7cdf639a86275fda821b0d9d98/ruff-0.15.6-py3-none-win_arm64.whl", hash = "sha256:c34de3dd0b0ba203be50ae70f5910b17188556630e2178fd7d79fc030eb0d837", size = 11060497, upload-time = "2026-03-12T23:05:25.968Z" },
]

[[package]]
name = "typing-extensions"
version = "4.15.0"
source = { registry = "https://pypi.org/simple" }
sdist = { url = "https://files.pythonhosted.org/packages/72/94/1a15dd82efb362ac84269196e94cf00f187f7ed21c242792a923cdb1c61f/typing_extensions-4.15.0.tar.gz", hash = "sha256:0cea48d173cc12fa28ecabc3b837ea3cf6f38c6d1136f85cbaaf598984861466", size = 109391, upload-time = "2025-08-25T13:49:26.313Z" }
wheels = [
    { url = "https://files.pythonhosted.org/packages/18/67/36e9267722cc04a6b9f15c7f3441c2363321a3ea07da7ae0c0707beb2a9c/typing_extensions-4.15.0-py3-none-any.whl", hash = "sha256:f0fa19c6845758ab08074a0cfa8b7aecb71c999ca73d62883bc25cc018c4e548", size = 44614, upload-time = "2025-08-25T13:49:24.86Z" },
]
